# This file is automatically @generated by Poetry 2.4.1 and should not be changed by hand.

[[package]]
name = "dbus-python"
version = "1.4.0"
description = "Python bindings for libdbus"
optional = false
python-versions = ">=3.7"
groups = ["main"]
files = [
    {file = "dbus-python-1.4.0.tar.gz", hash = "sha256:991666e498f60dbf3e49b8b7678f5559b8a65034fdf61aae62cdecdb7d89c770"},
]

[package.extras]
doc = ["sphinx", "sphinx_rtd_theme"]
test = ["tap.py"]

[[package]]
name = "inotify-simple"
version = "2.0.1"
description = "A simple wrapper around inotify. No fancy bells and whistles, just a literal wrapper with ctypes. Under 100 lines of code!"
optional = false
python-versions = ">=3.6"
groups = ["main"]
files = [
    {file = "inotify_simple-2.0.1-py3-none-any.whl", hash = "sha256:e5da495f2064889f8e68b67f9358b0d102e03b783c2d42e5b8e132ab859a5d8a"},
    {file = "inotify_simple-2.0.1.tar.gz", hash = "sha256:f010bbbd8283bd71a9f4eb2de94765804ede24bd47320b0e6ef4136e541cdc2c"},
]

[[package]]
name = "notify2"
version = "0.3.1"
description = "Python interface to DBus notifications"
optional = false
python-versions = "*"
groups = ["main"]
files = [
    {file = "notify2-0.3.1-py2.py3-none-any.whl", hash = "sha256:d7e27e63c2120c074225e526754101e22f029e38e5f002b1ceaa965258bf1073"},
    {file = "notify2-0.3.1.tar.gz", hash = "sha256:33fa108d50c42f3cd3407cc437518ad3f6225d1bb237011f16393c9dd3ce197d"},
]

[[package]]
name = "pathlib"
version = "1.0.1"
description = "Object-oriented filesystem paths"
optional = false
python-versions = "*"
groups = ["main"]
files = [
    {file = "pathlib-1.0.1-py3-none-any.whl", hash = "sha256:f35f95ab8b0f59e6d354090350b44a80a80635d22efdedfa84c7ad1cf0a74147"},
    {file = "pathlib-1.0.1.tar.gz", hash = "sha256:6940718dfc3eff4258203ad5021090933e5c04707d5ca8cc9e73c94a7894ea9f"},
]

[metadata]
lock-version = "2.1"
python-versions = ">=3.14"
content-hash = "8fd3442c72200138d66038d3699b9735575f72802a527839650c3e75e9f1c012"
