# This file is automatically @generated by Poetry 2.4.1 and should not be changed by hand.

[[package]]
name = "inotify-simple"
version = "2.0.1"
description = "A simple wrapper around inotify. No fancy bells and whistles, just a literal wrapper with ctypes. Under 100 lines of code!"
optional = false
python-versions = ">=3.6"
groups = ["main"]
files = [
    {file = "inotify_simple-2.0.1-py3-none-any.whl", hash = "sha256:e5da495f2064889f8e68b67f9358b0d102e03b783c2d42e5b8e132ab859a5d8a"},
    {file = "inotify_simple-2.0.1.tar.gz", hash = "sha256:f010bbbd8283bd71a9f4eb2de94765804ede24bd47320b0e6ef4136e541cdc2c"},
]

[metadata]
lock-version = "2.1"
python-versions = ">=3.14"
content-hash = "acae319bda88bdeba16724ad9242cdcc7a8305236d7997d8df1c84b1125a07b7"
