# This file is automatically @generated by Poetry 2.4.1 and should not be changed by hand.

[[package]]
name = "inotify-simple"
version = "2.0.1"
description = "A simple wrapper around inotify. No fancy bells and whistles, just a literal wrapper with ctypes. Under 100 lines of code!"
optional = false
python-versions = ">=3.6"
groups = ["main"]
files = [
    {file = "inotify_simple-2.0.1-py3-none-any.whl", hash = "sha256:e5da495f2064889f8e68b67f9358b0d102e03b783c2d42e5b8e132ab859a5d8a"},
    {file = "inotify_simple-2.0.1.tar.gz", hash = "sha256:f010bbbd8283bd71a9f4eb2de94765804ede24bd47320b0e6ef4136e541cdc2c"},
]

[[package]]
name = "pathlib"
version = "1.0.1"
description = "Object-oriented filesystem paths"
optional = false
python-versions = "*"
groups = ["main"]
files = [
    {file = "pathlib-1.0.1-py3-none-any.whl", hash = "sha256:f35f95ab8b0f59e6d354090350b44a80a80635d22efdedfa84c7ad1cf0a74147"},
    {file = "pathlib-1.0.1.tar.gz", hash = "sha256:6940718dfc3eff4258203ad5021090933e5c04707d5ca8cc9e73c94a7894ea9f"},
]

[metadata]
lock-version = "2.1"
python-versions = ">=3.14"
content-hash = "7414e26b18a56e6d855e78953cfa1b7c3d0a54d6dab61313cc3570731d6c710f"
